dependencies:
  espressif/esp-dsp:
    component_hash: ed9ac175b14e0414399a2b33c525579414b5bad19a2a67b12ea212def96f9a98
    dependencies:
    - name: idf
      require: private
      version: '>=4.2'
    source:
      registry_url: https://components.espressif.com/
      type: service
    version: 1.8.2
  idf:
    source:
      type: idf
    version: 5.5.3
direct_dependencies:
- espressif/esp-dsp
- idf
manifest_hash: 313fed6a3eead187c4e6581d7e26b0780bcfce781dfac9c52a00ac62cf64d5f6
target: esp32
version: 2.0.0
